
Microsoft Visual Studio Solution File, Format Version 12.00
# Visual Studio Version 17
VisualStudioVersion = 17.4.33122.133
MinimumVisualStudioVersion = 10.0.40219.1
Project("{9A19103F-16F7-4668-BE54-9A1E7A4F7556}") = "MicroservicesFramework.Logging.Autofac", "MicroservicesFramework.Autofac\MicroservicesFramework.Logging.Autofac.csproj", "{4C9533A6-30B4-44F3-9C70-E57D1F968ADB}"
EndProject
Project("{9A19103F-16F7-4668-BE54-9A1E7A4F7556}") = "MicroservicesFramework.DesingByContract", "MicroservicesFramework.DesingByContract\MicroservicesFramework.DesingByContract.csproj", "{7F29792D-35F6-4C8C-B6E4-1E235549BDB1}"
EndProject
Project("{9A19103F-16F7-4668-BE54-9A1E7A4F7556}") = "MicroservicesFramework.DesingByContract.Tests", "MicroservicesFramework.DesingByContract.Tests\MicroservicesFramework.DesingByContract.Tests.csproj", "{A1B70BD0-8EE3-49C7-86F6-5084687A4882}"
EndProject
Project("{9A19103F-16F7-4668-BE54-9A1E7A4F7556}") = "MicroservicesFramework.Domain.AbstractCore", "MicroservicesFramework.Domain.AbstractCore\MicroservicesFramework.Domain.AbstractCore.csproj", "{A3A41137-D576-4936-B7F1-40169FD2111C}"
EndProject
Project("{9A19103F-16F7-4668-BE54-9A1E7A4F7556}") = "MicroservicesFramework.Logging", "MicroservicesFramework.Logging\MicroservicesFramework.Logging.csproj", "{23D1CD34-4698-46D0-A187-C7880C0DE16F}"
EndProject
Project("{9A19103F-16F7-4668-BE54-9A1E7A4F7556}") = "MicroservicesFramework.Mediator", "MicroservicesFramework.Mediator\MicroservicesFramework.Mediator.csproj", "{DDFDE458-0679-4D69-9C47-1E31766B5F61}"
EndProject
Project("{9A19103F-16F7-4668-BE54-9A1E7A4F7556}") = "MicroservicesFramework.Mediator.Tests", "MicroservicesFramework.Mediator.Tests\MicroservicesFramework.Mediator.Tests.csproj", "{09027406-3D3B-4F06-8FCB-C8F62A509D4E}"
EndProject
Project("{2150E333-8FDC-42A3-9474-1A3956D46DE8}") = "Tests", "Tests", "{46014098-BCE8-4E03-9A1C-4B1C8733735E}"
EndProject
Project("{FAE04EC0-301F-11D3-BF4B-00C04F79EFBC}") = "MicroservicesFramework", "MicroservicesFramework\MicroservicesFramework.csproj", "{3172C880-A8BF-48C9-8C9B-5910437C48CB}"
EndProject
Global
	GlobalSection(SolutionConfigurationPlatforms) = preSolution
		Debug|Any CPU = Debug|Any CPU
		Release|Any CPU = Release|Any CPU
	EndGlobalSection
	GlobalSection(ProjectConfigurationPlatforms) = postSolution
		{4C9533A6-30B4-44F3-9C70-E57D1F968ADB}.Debug|Any CPU.ActiveCfg = Debug|Any CPU
		{4C9533A6-30B4-44F3-9C70-E57D1F968ADB}.Debug|Any CPU.Build.0 = Debug|Any CPU
		{4C9533A6-30B4-44F3-9C70-E57D1F968ADB}.Release|Any CPU.ActiveCfg = Release|Any CPU
		{4C9533A6-30B4-44F3-9C70-E57D1F968ADB}.Release|Any CPU.Build.0 = Release|Any CPU
		{7F29792D-35F6-4C8C-B6E4-1E235549BDB1}.Debug|Any CPU.ActiveCfg = Debug|Any CPU
		{7F29792D-35F6-4C8C-B6E4-1E235549BDB1}.Debug|Any CPU.Build.0 = Debug|Any CPU
		{7F29792D-35F6-4C8C-B6E4-1E235549BDB1}.Release|Any CPU.ActiveCfg = Release|Any CPU
		{7F29792D-35F6-4C8C-B6E4-1E235549BDB1}.Release|Any CPU.Build.0 = Release|Any CPU
		{A1B70BD0-8EE3-49C7-86F6-5084687A4882}.Debug|Any CPU.ActiveCfg = Debug|Any CPU
		{A1B70BD0-8EE3-49C7-86F6-5084687A4882}.Debug|Any CPU.Build.0 = Debug|Any CPU
		{A1B70BD0-8EE3-49C7-86F6-5084687A4882}.Release|Any CPU.ActiveCfg = Release|Any CPU
		{A1B70BD0-8EE3-49C7-86F6-5084687A4882}.Release|Any CPU.Build.0 = Release|Any CPU
		{A3A41137-D576-4936-B7F1-40169FD2111C}.Debug|Any CPU.ActiveCfg = Debug|Any CPU
		{A3A41137-D576-4936-B7F1-40169FD2111C}.Debug|Any CPU.Build.0 = Debug|Any CPU
		{A3A41137-D576-4936-B7F1-40169FD2111C}.Release|Any CPU.ActiveCfg = Release|Any CPU
		{A3A41137-D576-4936-B7F1-40169FD2111C}.Release|Any CPU.Build.0 = Release|Any CPU
		{23D1CD34-4698-46D0-A187-C7880C0DE16F}.Debug|Any CPU.ActiveCfg = Debug|Any CPU
		{23D1CD34-4698-46D0-A187-C7880C0DE16F}.Debug|Any CPU.Build.0 = Debug|Any CPU
		{23D1CD34-4698-46D0-A187-C7880C0DE16F}.Release|Any CPU.ActiveCfg = Release|Any CPU
		{23D1CD34-4698-46D0-A187-C7880C0DE16F}.Release|Any CPU.Build.0 = Release|Any CPU
		{DDFDE458-0679-4D69-9C47-1E31766B5F61}.Debug|Any CPU.ActiveCfg = Debug|Any CPU
		{DDFDE458-0679-4D69-9C47-1E31766B5F61}.Debug|Any CPU.Build.0 = Debug|Any CPU
		{DDFDE458-0679-4D69-9C47-1E31766B5F61}.Release|Any CPU.ActiveCfg = Release|Any CPU
		{DDFDE458-0679-4D69-9C47-1E31766B5F61}.Release|Any CPU.Build.0 = Release|Any CPU
		{09027406-3D3B-4F06-8FCB-C8F62A509D4E}.Debug|Any CPU.ActiveCfg = Debug|Any CPU
		{09027406-3D3B-4F06-8FCB-C8F62A509D4E}.Debug|Any CPU.Build.0 = Debug|Any CPU
		{09027406-3D3B-4F06-8FCB-C8F62A509D4E}.Release|Any CPU.ActiveCfg = Release|Any CPU
		{09027406-3D3B-4F06-8FCB-C8F62A509D4E}.Release|Any CPU.Build.0 = Release|Any CPU
		{3172C880-A8BF-48C9-8C9B-5910437C48CB}.Debug|Any CPU.ActiveCfg = Debug|Any CPU
		{3172C880-A8BF-48C9-8C9B-5910437C48CB}.Debug|Any CPU.Build.0 = Debug|Any CPU
		{3172C880-A8BF-48C9-8C9B-5910437C48CB}.Release|Any CPU.ActiveCfg = Release|Any CPU
		{3172C880-A8BF-48C9-8C9B-5910437C48CB}.Release|Any CPU.Build.0 = Release|Any CPU
	EndGlobalSection
	GlobalSection(SolutionProperties) = preSolution
		HideSolutionNode = FALSE
	EndGlobalSection
	GlobalSection(NestedProjects) = preSolution
		{A1B70BD0-8EE3-49C7-86F6-5084687A4882} = {46014098-BCE8-4E03-9A1C-4B1C8733735E}
		{09027406-3D3B-4F06-8FCB-C8F62A509D4E} = {46014098-BCE8-4E03-9A1C-4B1C8733735E}
	EndGlobalSection
	GlobalSection(ExtensibilityGlobals) = postSolution
		SolutionGuid = {C3F801F3-7EE3-40E5-B99A-AA2902C5CF6D}
	EndGlobalSection
EndGlobal
