
Microsoft Visual Studio Solution File, Format Version 12.00
# Visual Studio Version 17
VisualStudioVersion = 17.4.33122.133
MinimumVisualStudioVersion = 10.0.40219.1
Project("{9A19103F-16F7-4668-BE54-9A1E7A4F7556}") = "MicroservicesFramework.DesingByContract", "MicroservicesFramework.DesingByContract\MicroservicesFramework.DesingByContract.csproj", "{7F29792D-35F6-4C8C-B6E4-1E235549BDB1}"
EndProject
Project("{9A19103F-16F7-4668-BE54-9A1E7A4F7556}") = "MicroservicesFramework.DesingByContract.Tests", "MicroservicesFramework.DesingByContract.Tests\MicroservicesFramework.DesingByContract.Tests.csproj", "{A1B70BD0-8EE3-49C7-86F6-5084687A4882}"
EndProject
Project("{9A19103F-16F7-4668-BE54-9A1E7A4F7556}") = "MicroservicesFramework.Domain.AbstractCore", "MicroservicesFramework.Domain.AbstractCore\MicroservicesFramework.Domain.AbstractCore.csproj", "{A3A41137-D576-4936-B7F1-40169FD2111C}"
EndProject
Project("{9A19103F-16F7-4668-BE54-9A1E7A4F7556}") = "MicroservicesFramework.Logging", "MicroservicesFramework.Logging\MicroservicesFramework.Logging.csproj", "{23D1CD34-4698-46D0-A187-C7880C0DE16F}"
EndProject
Project("{9A19103F-16F7-4668-BE54-9A1E7A4F7556}") = "MicroservicesFramework.Mediator", "MicroservicesFramework.Mediator\MicroservicesFramework.Mediator.csproj", "{DDFDE458-0679-4D69-9C47-1E31766B5F61}"
EndProject
Project("{9A19103F-16F7-4668-BE54-9A1E7A4F7556}") = "MicroservicesFramework.Mediator.Tests", "MicroservicesFramework.Mediator.Tests\MicroservicesFramework.Mediator.Tests.csproj", "{09027406-3D3B-4F06-8FCB-C8F62A509D4E}"
EndProject
Project("{2150E333-8FDC-42A3-9474-1A3956D46DE8}") = "Tests", "Tests", "{46014098-BCE8-4E03-9A1C-4B1C8733735E}"
EndProject
Project("{9A19103F-16F7-4668-BE54-9A1E7A4F7556}") = "MicroservicesFramework", "MicroservicesFramework\MicroservicesFramework.csproj", "{3172C880-A8BF-48C9-8C9B-5910437C48CB}"
EndProject
Project("{2150E333-8FDC-42A3-9474-1A3956D46DE8}") = "compose", "compose", "{0ED83EC6-3C37-4D8D-B20A-A49C05BA235D}"
	ProjectSection(SolutionItems) = preProject
		compose\infrastructure.yml = compose\infrastructure.yml
	EndProjectSection
EndProject
Project("{2150E333-8FDC-42A3-9474-1A3956D46DE8}") = "rabbitmq", "rabbitmq", "{EA8650F6-AF33-4ACC-ABFF-DD860387FAE7}"
	ProjectSection(SolutionItems) = preProject
		compose\rabbitmq\Dockerfile = compose\rabbitmq\Dockerfile
		compose\rabbitmq\plugins = compose\rabbitmq\plugins
	EndProjectSection
EndProject
Project("{2150E333-8FDC-42A3-9474-1A3956D46DE8}") = "prometheus", "prometheus", "{7B9934E7-1820-4989-90DC-146AFA229ECE}"
	ProjectSection(SolutionItems) = preProject
		compose\prometheus\Dockerfile = compose\prometheus\Dockerfile
		compose\prometheus\prometheus.yml = compose\prometheus\prometheus.yml
	EndProjectSection
EndProject
Project("{9A19103F-16F7-4668-BE54-9A1E7A4F7556}") = "MicroservicesFramework.Logging.Autofac", "MicroservicesFramework.Logging.Autofac\MicroservicesFramework.Logging.Autofac.csproj", "{87750456-1059-4E01-A968-89A907A14BD7}"
EndProject
Project("{9A19103F-16F7-4668-BE54-9A1E7A4F7556}") = "MicroservicesFramework.Metrics", "MicroservicesFramework.Metrics\MicroservicesFramework.Metrics.csproj", "{279D3166-E049-487D-8B95-838EE9C4C534}"
EndProject
Project("{9A19103F-16F7-4668-BE54-9A1E7A4F7556}") = "MicroservicesFramework.Common", "MicroservicesFramework.Common\MicroservicesFramework.Common.csproj", "{035DEE6E-044E-49F9-B8DE-045C580DEF83}"
EndProject
Project("{9A19103F-16F7-4668-BE54-9A1E7A4F7556}") = "MicroservicesFramework.Tracing.Jeager", "MicroservicesFramework.Tracing.Jaeger\MicroservicesFramework.Tracing.Jeager.csproj", "{D3D51003-45A3-4112-89D2-4B9333B8AFED}"
EndProject
Project("{9A19103F-16F7-4668-BE54-9A1E7A4F7556}") = "MicroservicesFramework.Tracing.Jaeger.Masstransit", "MicroservicesFramework.Tracing.Jaeger.Masstransit\MicroservicesFramework.Tracing.Jaeger.Masstransit.csproj", "{0F68B2CD-DBC9-41A3-97A7-F8B812412631}"
EndProject
Project("{9A19103F-16F7-4668-BE54-9A1E7A4F7556}") = "MicroservicesFramework.Auth", "MicroservicesFramework.Auth\MicroservicesFramework.Auth.csproj", "{58907930-E384-441B-B56D-E5F8EB82249D}"
EndProject
Project("{2150E333-8FDC-42A3-9474-1A3956D46DE8}") = "Example", "Example", "{D6FD44CD-623E-4295-92F0-C37D0F1F608C}"
EndProject
Project("{9A19103F-16F7-4668-BE54-9A1E7A4F7556}") = "Shop.ApiGateway", "Example\Shop.ApiGateway\Shop.ApiGateway.csproj", "{D212B832-E2A6-4DC2-8668-0F1C8551527F}"
EndProject
Project("{9A19103F-16F7-4668-BE54-9A1E7A4F7556}") = "Shop.Identity", "Example\Shop.Identity\Shop.Identity.csproj", "{6D95A3A3-78A4-4270-933E-0256E6AD2500}"
EndProject
Project("{2150E333-8FDC-42A3-9474-1A3956D46DE8}") = "Orders", "Orders", "{CF79750E-0C76-44B3-9549-391DE92B30E2}"
EndProject
Project("{9A19103F-16F7-4668-BE54-9A1E7A4F7556}") = "Shop.Orders.Domain", "Shop.Orders.Domain\Shop.Orders.Domain.csproj", "{87FA4013-BF74-43BF-849F-F292F678A3B7}"
EndProject
Project("{9A19103F-16F7-4668-BE54-9A1E7A4F7556}") = "Shop.Orders.Application", "Shop.Orders.Application\Shop.Orders.Application.csproj", "{4F1FD934-6270-4B7A-9275-DE55EAF51039}"
EndProject
Project("{9A19103F-16F7-4668-BE54-9A1E7A4F7556}") = "Shop.Orders.Infrastructure", "Shop.Orders.Infrastructure\Shop.Orders.Infrastructure.csproj", "{55A7E1BC-3EE0-4BDE-B4A3-E8D6FCBA5CD4}"
EndProject
Project("{FAE04EC0-301F-11D3-BF4B-00C04F79EFBC}") = "Shop.Orders.Domain.UnitTests", "Shop.Orders.Domain.UnitTests\Shop.Orders.Domain.UnitTests.csproj", "{0AAC8271-2D41-4D06-9438-AB902C9D1A24}"
EndProject
Global
	GlobalSection(SolutionConfigurationPlatforms) = preSolution
		Debug|Any CPU = Debug|Any CPU
		Release|Any CPU = Release|Any CPU
	EndGlobalSection
	GlobalSection(ProjectConfigurationPlatforms) = postSolution
		{7F29792D-35F6-4C8C-B6E4-1E235549BDB1}.Debug|Any CPU.ActiveCfg = Debug|Any CPU
		{7F29792D-35F6-4C8C-B6E4-1E235549BDB1}.Debug|Any CPU.Build.0 = Debug|Any CPU
		{7F29792D-35F6-4C8C-B6E4-1E235549BDB1}.Release|Any CPU.ActiveCfg = Release|Any CPU
		{7F29792D-35F6-4C8C-B6E4-1E235549BDB1}.Release|Any CPU.Build.0 = Release|Any CPU
		{A1B70BD0-8EE3-49C7-86F6-5084687A4882}.Debug|Any CPU.ActiveCfg = Debug|Any CPU
		{A1B70BD0-8EE3-49C7-86F6-5084687A4882}.Debug|Any CPU.Build.0 = Debug|Any CPU
		{A1B70BD0-8EE3-49C7-86F6-5084687A4882}.Release|Any CPU.ActiveCfg = Release|Any CPU
		{A1B70BD0-8EE3-49C7-86F6-5084687A4882}.Release|Any CPU.Build.0 = Release|Any CPU
		{A3A41137-D576-4936-B7F1-40169FD2111C}.Debug|Any CPU.ActiveCfg = Debug|Any CPU
		{A3A41137-D576-4936-B7F1-40169FD2111C}.Debug|Any CPU.Build.0 = Debug|Any CPU
		{A3A41137-D576-4936-B7F1-40169FD2111C}.Release|Any CPU.ActiveCfg = Release|Any CPU
		{A3A41137-D576-4936-B7F1-40169FD2111C}.Release|Any CPU.Build.0 = Release|Any CPU
		{23D1CD34-4698-46D0-A187-C7880C0DE16F}.Debug|Any CPU.ActiveCfg = Debug|Any CPU
		{23D1CD34-4698-46D0-A187-C7880C0DE16F}.Debug|Any CPU.Build.0 = Debug|Any CPU
		{23D1CD34-4698-46D0-A187-C7880C0DE16F}.Release|Any CPU.ActiveCfg = Release|Any CPU
		{23D1CD34-4698-46D0-A187-C7880C0DE16F}.Release|Any CPU.Build.0 = Release|Any CPU
		{DDFDE458-0679-4D69-9C47-1E31766B5F61}.Debug|Any CPU.ActiveCfg = Debug|Any CPU
		{DDFDE458-0679-4D69-9C47-1E31766B5F61}.Debug|Any CPU.Build.0 = Debug|Any CPU
		{DDFDE458-0679-4D69-9C47-1E31766B5F61}.Release|Any CPU.ActiveCfg = Release|Any CPU
		{DDFDE458-0679-4D69-9C47-1E31766B5F61}.Release|Any CPU.Build.0 = Release|Any CPU
		{09027406-3D3B-4F06-8FCB-C8F62A509D4E}.Debug|Any CPU.ActiveCfg = Debug|Any CPU
		{09027406-3D3B-4F06-8FCB-C8F62A509D4E}.Debug|Any CPU.Build.0 = Debug|Any CPU
		{09027406-3D3B-4F06-8FCB-C8F62A509D4E}.Release|Any CPU.ActiveCfg = Release|Any CPU
		{09027406-3D3B-4F06-8FCB-C8F62A509D4E}.Release|Any CPU.Build.0 = Release|Any CPU
		{3172C880-A8BF-48C9-8C9B-5910437C48CB}.Debug|Any CPU.ActiveCfg = Debug|Any CPU
		{3172C880-A8BF-48C9-8C9B-5910437C48CB}.Debug|Any CPU.Build.0 = Debug|Any CPU
		{3172C880-A8BF-48C9-8C9B-5910437C48CB}.Release|Any CPU.ActiveCfg = Release|Any CPU
		{3172C880-A8BF-48C9-8C9B-5910437C48CB}.Release|Any CPU.Build.0 = Release|Any CPU
		{87750456-1059-4E01-A968-89A907A14BD7}.Debug|Any CPU.ActiveCfg = Debug|Any CPU
		{87750456-1059-4E01-A968-89A907A14BD7}.Debug|Any CPU.Build.0 = Debug|Any CPU
		{87750456-1059-4E01-A968-89A907A14BD7}.Release|Any CPU.ActiveCfg = Release|Any CPU
		{87750456-1059-4E01-A968-89A907A14BD7}.Release|Any CPU.Build.0 = Release|Any CPU
		{279D3166-E049-487D-8B95-838EE9C4C534}.Debug|Any CPU.ActiveCfg = Debug|Any CPU
		{279D3166-E049-487D-8B95-838EE9C4C534}.Debug|Any CPU.Build.0 = Debug|Any CPU
		{279D3166-E049-487D-8B95-838EE9C4C534}.Release|Any CPU.ActiveCfg = Release|Any CPU
		{279D3166-E049-487D-8B95-838EE9C4C534}.Release|Any CPU.Build.0 = Release|Any CPU
		{035DEE6E-044E-49F9-B8DE-045C580DEF83}.Debug|Any CPU.ActiveCfg = Debug|Any CPU
		{035DEE6E-044E-49F9-B8DE-045C580DEF83}.Debug|Any CPU.Build.0 = Debug|Any CPU
		{035DEE6E-044E-49F9-B8DE-045C580DEF83}.Release|Any CPU.ActiveCfg = Release|Any CPU
		{035DEE6E-044E-49F9-B8DE-045C580DEF83}.Release|Any CPU.Build.0 = Release|Any CPU
		{D3D51003-45A3-4112-89D2-4B9333B8AFED}.Debug|Any CPU.ActiveCfg = Debug|Any CPU
		{D3D51003-45A3-4112-89D2-4B9333B8AFED}.Debug|Any CPU.Build.0 = Debug|Any CPU
		{D3D51003-45A3-4112-89D2-4B9333B8AFED}.Release|Any CPU.ActiveCfg = Release|Any CPU
		{D3D51003-45A3-4112-89D2-4B9333B8AFED}.Release|Any CPU.Build.0 = Release|Any CPU
		{0F68B2CD-DBC9-41A3-97A7-F8B812412631}.Debug|Any CPU.ActiveCfg = Debug|Any CPU
		{0F68B2CD-DBC9-41A3-97A7-F8B812412631}.Debug|Any CPU.Build.0 = Debug|Any CPU
		{0F68B2CD-DBC9-41A3-97A7-F8B812412631}.Release|Any CPU.ActiveCfg = Release|Any CPU
		{0F68B2CD-DBC9-41A3-97A7-F8B812412631}.Release|Any CPU.Build.0 = Release|Any CPU
		{58907930-E384-441B-B56D-E5F8EB82249D}.Debug|Any CPU.ActiveCfg = Debug|Any CPU
		{58907930-E384-441B-B56D-E5F8EB82249D}.Debug|Any CPU.Build.0 = Debug|Any CPU
		{58907930-E384-441B-B56D-E5F8EB82249D}.Release|Any CPU.ActiveCfg = Release|Any CPU
		{58907930-E384-441B-B56D-E5F8EB82249D}.Release|Any CPU.Build.0 = Release|Any CPU
		{D212B832-E2A6-4DC2-8668-0F1C8551527F}.Debug|Any CPU.ActiveCfg = Debug|Any CPU
		{D212B832-E2A6-4DC2-8668-0F1C8551527F}.Debug|Any CPU.Build.0 = Debug|Any CPU
		{D212B832-E2A6-4DC2-8668-0F1C8551527F}.Release|Any CPU.ActiveCfg = Release|Any CPU
		{D212B832-E2A6-4DC2-8668-0F1C8551527F}.Release|Any CPU.Build.0 = Release|Any CPU
		{6D95A3A3-78A4-4270-933E-0256E6AD2500}.Debug|Any CPU.ActiveCfg = Debug|Any CPU
		{6D95A3A3-78A4-4270-933E-0256E6AD2500}.Debug|Any CPU.Build.0 = Debug|Any CPU
		{6D95A3A3-78A4-4270-933E-0256E6AD2500}.Release|Any CPU.ActiveCfg = Release|Any CPU
		{6D95A3A3-78A4-4270-933E-0256E6AD2500}.Release|Any CPU.Build.0 = Release|Any CPU
		{87FA4013-BF74-43BF-849F-F292F678A3B7}.Debug|Any CPU.ActiveCfg = Debug|Any CPU
		{87FA4013-BF74-43BF-849F-F292F678A3B7}.Debug|Any CPU.Build.0 = Debug|Any CPU
		{87FA4013-BF74-43BF-849F-F292F678A3B7}.Release|Any CPU.ActiveCfg = Release|Any CPU
		{87FA4013-BF74-43BF-849F-F292F678A3B7}.Release|Any CPU.Build.0 = Release|Any CPU
		{4F1FD934-6270-4B7A-9275-DE55EAF51039}.Debug|Any CPU.ActiveCfg = Debug|Any CPU
		{4F1FD934-6270-4B7A-9275-DE55EAF51039}.Debug|Any CPU.Build.0 = Debug|Any CPU
		{4F1FD934-6270-4B7A-9275-DE55EAF51039}.Release|Any CPU.ActiveCfg = Release|Any CPU
		{4F1FD934-6270-4B7A-9275-DE55EAF51039}.Release|Any CPU.Build.0 = Release|Any CPU
		{55A7E1BC-3EE0-4BDE-B4A3-E8D6FCBA5CD4}.Debug|Any CPU.ActiveCfg = Debug|Any CPU
		{55A7E1BC-3EE0-4BDE-B4A3-E8D6FCBA5CD4}.Debug|Any CPU.Build.0 = Debug|Any CPU
		{55A7E1BC-3EE0-4BDE-B4A3-E8D6FCBA5CD4}.Release|Any CPU.ActiveCfg = Release|Any CPU
		{55A7E1BC-3EE0-4BDE-B4A3-E8D6FCBA5CD4}.Release|Any CPU.Build.0 = Release|Any CPU
		{0AAC8271-2D41-4D06-9438-AB902C9D1A24}.Debug|Any CPU.ActiveCfg = Debug|Any CPU
		{0AAC8271-2D41-4D06-9438-AB902C9D1A24}.Debug|Any CPU.Build.0 = Debug|Any CPU
		{0AAC8271-2D41-4D06-9438-AB902C9D1A24}.Release|Any CPU.ActiveCfg = Release|Any CPU
		{0AAC8271-2D41-4D06-9438-AB902C9D1A24}.Release|Any CPU.Build.0 = Release|Any CPU
	EndGlobalSection
	GlobalSection(SolutionProperties) = preSolution
		HideSolutionNode = FALSE
	EndGlobalSection
	GlobalSection(NestedProjects) = preSolution
		{A1B70BD0-8EE3-49C7-86F6-5084687A4882} = {46014098-BCE8-4E03-9A1C-4B1C8733735E}
		{09027406-3D3B-4F06-8FCB-C8F62A509D4E} = {46014098-BCE8-4E03-9A1C-4B1C8733735E}
		{EA8650F6-AF33-4ACC-ABFF-DD860387FAE7} = {0ED83EC6-3C37-4D8D-B20A-A49C05BA235D}
		{7B9934E7-1820-4989-90DC-146AFA229ECE} = {0ED83EC6-3C37-4D8D-B20A-A49C05BA235D}
		{D212B832-E2A6-4DC2-8668-0F1C8551527F} = {D6FD44CD-623E-4295-92F0-C37D0F1F608C}
		{6D95A3A3-78A4-4270-933E-0256E6AD2500} = {D6FD44CD-623E-4295-92F0-C37D0F1F608C}
		{CF79750E-0C76-44B3-9549-391DE92B30E2} = {D6FD44CD-623E-4295-92F0-C37D0F1F608C}
		{87FA4013-BF74-43BF-849F-F292F678A3B7} = {CF79750E-0C76-44B3-9549-391DE92B30E2}
		{4F1FD934-6270-4B7A-9275-DE55EAF51039} = {CF79750E-0C76-44B3-9549-391DE92B30E2}
		{55A7E1BC-3EE0-4BDE-B4A3-E8D6FCBA5CD4} = {CF79750E-0C76-44B3-9549-391DE92B30E2}
		{0AAC8271-2D41-4D06-9438-AB902C9D1A24} = {CF79750E-0C76-44B3-9549-391DE92B30E2}
	EndGlobalSection
	GlobalSection(ExtensibilityGlobals) = postSolution
		SolutionGuid = {C3F801F3-7EE3-40E5-B99A-AA2902C5CF6D}
	EndGlobalSection
EndGlobal
